
Microsoft Visual Studio Solution File, Format Version 12.00
# Visual Studio Version 16
VisualStudioVersion = 16.0.30517.126
MinimumVisualStudioVersion = 10.0.40219.1
Project("{FAE04EC0-301F-11D3-BF4B-00C04F79EFBC}") = "ClearFolder", "ClearFolder\ClearFolder.csproj", "{703175CD-0967-4B21-B880-29A4BCF1099D}"
EndProject
Project("{FAE04EC0-301F-11D3-BF4B-00C04F79EFBC}") = "CreateDirectory", "CreateDirectory\CreateDirectory.csproj", "{966803D8-CA78-4243-9CCC-325136FAFCE4}"
EndProject
Global
	GlobalSection(SolutionConfigurationPlatforms) = preSolution
		Debug|Any CPU = Debug|Any CPU
		Release|Any CPU = Release|Any CPU
	EndGlobalSection
	GlobalSection(ProjectConfigurationPlatforms) = postSolution
		{703175CD-0967-4B21-B880-29A4BCF1099D}.Debug|Any CPU.ActiveCfg = Debug|Any CPU
		{703175CD-0967-4B21-B880-29A4BCF1099D}.Debug|Any CPU.Build.0 = Debug|Any CPU
		{703175CD-0967-4B21-B880-29A4BCF1099D}.Release|Any CPU.ActiveCfg = Release|Any CPU
		{703175CD-0967-4B21-B880-29A4BCF1099D}.Release|Any CPU.Build.0 = Release|Any CPU
		{966803D8-CA78-4243-9CCC-325136FAFCE4}.Debug|Any CPU.ActiveCfg = Debug|Any CPU
		{966803D8-CA78-4243-9CCC-325136FAFCE4}.Debug|Any CPU.Build.0 = Debug|Any CPU
		{966803D8-CA78-4243-9CCC-325136FAFCE4}.Release|Any CPU.ActiveCfg = Release|Any CPU
		{966803D8-CA78-4243-9CCC-325136FAFCE4}.Release|Any CPU.Build.0 = Release|Any CPU
	EndGlobalSection
	GlobalSection(SolutionProperties) = preSolution
		HideSolutionNode = FALSE
	EndGlobalSection
	GlobalSection(ExtensibilityGlobals) = postSolution
		SolutionGuid = {43A696CD-D14E-4F37-8AAB-CCDDEBA86FE8}
	EndGlobalSection
EndGlobal
